
Microsoft Visual Studio Solution File, Format Version 12.00
# Visual Studio 15
VisualStudioVersion = 15.0.28307.757
MinimumVisualStudioVersion = 10.0.40219.1
Project("{FAE04EC0-301F-11D3-BF4B-00C04F79EFBC}") = "Entity.Employee.Dal.Entities", "..\DAL\Entity.Employee.Dal.Entities\Entity.Employee.Dal.Entities.csproj", "{9E060423-54AE-4599-BBFE-A35474E1E05B}"
EndProject
Project("{FAE04EC0-301F-11D3-BF4B-00C04F79EFBC}") = "Entity.Employee.Dal.Repository", "..\DAL\Entity.Employee.Dal.Repository\Entity.Employee.Dal.Repository.csproj", "{458FDD73-35EE-4E4F-86E8-848D5C3B9A3C}"
EndProject
Project("{FAE04EC0-301F-11D3-BF4B-00C04F79EFBC}") = "Entity.Employee.UI", "..\UI\Employee\Entity.Employee.UI\Entity.Employee.UI.csproj", "{BADC3C13-46BA-4CAD-B799-642B232E0463}"
EndProject
Project("{FAE04EC0-301F-11D3-BF4B-00C04F79EFBC}") = "Entity.Employee.BL.ViewModels", "..\BusinessLogic\Employee\Entity.Employee.BL.ViewModels\Entity.Employee.BL.ViewModels.csproj", "{1F579CAB-E5D7-4460-99DC-BEA74934536D}"
EndProject
Global
	GlobalSection(SolutionConfigurationPlatforms) = preSolution
		Debug|Any CPU = Debug|Any CPU
		Release|Any CPU = Release|Any CPU
	EndGlobalSection
	GlobalSection(ProjectConfigurationPlatforms) = postSolution
		{9E060423-54AE-4599-BBFE-A35474E1E05B}.Debug|Any CPU.ActiveCfg = Debug|Any CPU
		{9E060423-54AE-4599-BBFE-A35474E1E05B}.Debug|Any CPU.Build.0 = Debug|Any CPU
		{9E060423-54AE-4599-BBFE-A35474E1E05B}.Release|Any CPU.ActiveCfg = Release|Any CPU
		{9E060423-54AE-4599-BBFE-A35474E1E05B}.Release|Any CPU.Build.0 = Release|Any CPU
		{458FDD73-35EE-4E4F-86E8-848D5C3B9A3C}.Debug|Any CPU.ActiveCfg = Debug|Any CPU
		{458FDD73-35EE-4E4F-86E8-848D5C3B9A3C}.Debug|Any CPU.Build.0 = Debug|Any CPU
		{458FDD73-35EE-4E4F-86E8-848D5C3B9A3C}.Release|Any CPU.ActiveCfg = Release|Any CPU
		{458FDD73-35EE-4E4F-86E8-848D5C3B9A3C}.Release|Any CPU.Build.0 = Release|Any CPU
		{BADC3C13-46BA-4CAD-B799-642B232E0463}.Debug|Any CPU.ActiveCfg = Debug|Any CPU
		{BADC3C13-46BA-4CAD-B799-642B232E0463}.Debug|Any CPU.Build.0 = Debug|Any CPU
		{BADC3C13-46BA-4CAD-B799-642B232E0463}.Release|Any CPU.ActiveCfg = Release|Any CPU
		{BADC3C13-46BA-4CAD-B799-642B232E0463}.Release|Any CPU.Build.0 = Release|Any CPU
		{1F579CAB-E5D7-4460-99DC-BEA74934536D}.Debug|Any CPU.ActiveCfg = Debug|Any CPU
		{1F579CAB-E5D7-4460-99DC-BEA74934536D}.Debug|Any CPU.Build.0 = Debug|Any CPU
		{1F579CAB-E5D7-4460-99DC-BEA74934536D}.Release|Any CPU.ActiveCfg = Release|Any CPU
		{1F579CAB-E5D7-4460-99DC-BEA74934536D}.Release|Any CPU.Build.0 = Release|Any CPU
	EndGlobalSection
	GlobalSection(SolutionProperties) = preSolution
		HideSolutionNode = FALSE
	EndGlobalSection
	GlobalSection(ExtensibilityGlobals) = postSolution
		SolutionGuid = {090920DB-C26B-48D1-AAD4-5CE79D69A239}
	EndGlobalSection
EndGlobal
